
Microsoft Visual Studio Solution File, Format Version 12.00
# Visual Studio Version 17
VisualStudioVersion = 17.11.35219.272
MinimumVisualStudioVersion = 10.0.40219.1
Project("{FAE04EC0-301F-11D3-BF4B-00C04F79EFBC}") = "database_crashcourse", "database_crashcourse\database_crashcourse.csproj", "{ECE9E498-1FDE-4BAC-AA03-7D19DD4224F7}"
EndProject
Global
	GlobalSection(SolutionConfigurationPlatforms) = preSolution
		Debug|Any CPU = Debug|Any CPU
		Release|Any CPU = Release|Any CPU
	EndGlobalSection
	GlobalSection(ProjectConfigurationPlatforms) = postSolution
		{ECE9E498-1FDE-4BAC-AA03-7D19DD4224F7}.Debug|Any CPU.ActiveCfg = Debug|Any CPU
		{ECE9E498-1FDE-4BAC-AA03-7D19DD4224F7}.Debug|Any CPU.Build.0 = Debug|Any CPU
		{ECE9E498-1FDE-4BAC-AA03-7D19DD4224F7}.Release|Any CPU.ActiveCfg = Release|Any CPU
		{ECE9E498-1FDE-4BAC-AA03-7D19DD4224F7}.Release|Any CPU.Build.0 = Release|Any CPU
	EndGlobalSection
	GlobalSection(SolutionProperties) = preSolution
		HideSolutionNode = FALSE
	EndGlobalSection
	GlobalSection(ExtensibilityGlobals) = postSolution
		SolutionGuid = {97082A40-1369-4BC6-9032-3D4955850A9B}
	EndGlobalSection
EndGlobal
